
Microsoft Visual Studio Solution File, Format Version 12.00
# Visual Studio Version 17
VisualStudioVersion = 17.6.33815.320
MinimumVisualStudioVersion = 10.0.40219.1
Project("{9A19103F-16F7-4668-BE54-9A1E7A4F7556}") = "JellyJav", "JellyJav.csproj", "{A8965054-5643-4C84-A4CB-C5C3D0D0620A}"
EndProject
Global
	GlobalSection(SolutionConfigurationPlatforms) = preSolution
		Debug|Any CPU = Debug|Any CPU
		Release|Any CPU = Release|Any CPU
	EndGlobalSection
	GlobalSection(ProjectConfigurationPlatforms) = postSolution
		{A8965054-5643-4C84-A4CB-C5C3D0D0620A}.Debug|Any CPU.ActiveCfg = Debug|Any CPU
		{A8965054-5643-4C84-A4CB-C5C3D0D0620A}.Debug|Any CPU.Build.0 = Debug|Any CPU
		{A8965054-5643-4C84-A4CB-C5C3D0D0620A}.Release|Any CPU.ActiveCfg = Release|Any CPU
		{A8965054-5643-4C84-A4CB-C5C3D0D0620A}.Release|Any CPU.Build.0 = Release|Any CPU
	EndGlobalSection
	GlobalSection(SolutionProperties) = preSolution
		HideSolutionNode = FALSE
	EndGlobalSection
	GlobalSection(ExtensibilityGlobals) = postSolution
		SolutionGuid = {50313132-7B39-45F6-B8A8-2A441AFD7560}
	EndGlobalSection
EndGlobal
